// !$*UTF8*$!
{
	archiveVersion = 1;
	classes = {
	};
	objectVersion = 46;
	objects = {

/* Begin PBXContainerItemProxy section */
		A0D52C9A17C2E43D001352CA /* PBXContainerItemProxy */ = {
			isa = PBXContainerItemProxy;
			containerPortal = A0D52C9317C2E43C001352CA /* bindletools.xcodeproj */;
			proxyType = 2;
			remoteGlobalIDString = A01156E9175B0118008E66FA;
			remoteInfo = bindle;
		};
/* End PBXContainerItemProxy section */

/* Begin PBXFileReference section */
		A01F6FF717C4E70F00C4789F /* bindleadmin-script.profile.in */ = {isa = PBXFileReference; explicitFileType = text.script.sh; path = "bindleadmin-script.profile.in"; sourceTree = "<group>"; };
		A01F700017C4F4A600C4789F /* git-tar-name.txt */ = {isa = PBXFileReference; lastKnownFileType = text; path = "git-tar-name.txt"; sourceTree = "<group>"; };
		A0519DB817CE458900400A39 /* git-proj-cleanup.sh.in */ = {isa = PBXFileReference; explicitFileType = text.script.sh; path = "git-proj-cleanup.sh.in"; sourceTree = "<group>"; };
		A0664F0118FD87D400A1AC67 /* cronmail.sh.in */ = {isa = PBXFileReference; lastKnownFileType = text.script.sh; path = cronmail.sh.in; sourceTree = "<group>"; };
		A0664F0218FD87D400A1AC67 /* rc.firewall */ = {isa = PBXFileReference; lastKnownFileType = text.script.sh; path = rc.firewall; sourceTree = "<group>"; };
		A0664F0318FD87D400A1AC67 /* rc.firewall.rules */ = {isa = PBXFileReference; lastKnownFileType = text; path = rc.firewall.rules; sourceTree = "<group>"; };
		A0664F0418FD87D400A1AC67 /* rc.firewall.rules4 */ = {isa = PBXFileReference; lastKnownFileType = text; path = rc.firewall.rules4; sourceTree = "<group>"; };
		A0664F0518FD87D400A1AC67 /* rc.firewall.rules6 */ = {isa = PBXFileReference; lastKnownFileType = text; path = rc.firewall.rules6; sourceTree = "<group>"; };
		A0664F0618FD87D400A1AC67 /* rc.inet1_local */ = {isa = PBXFileReference; lastKnownFileType = text.script.sh; path = rc.inet1_local; sourceTree = "<group>"; };
		A0664F0718FD87D400A1AC67 /* rc.inet1_local_down.example */ = {isa = PBXFileReference; lastKnownFileType = text.script.sh; path = rc.inet1_local_down.example; sourceTree = "<group>"; };
		A0664F0818FD87D400A1AC67 /* rc.inet1_local_up.example */ = {isa = PBXFileReference; lastKnownFileType = text.script.sh; path = rc.inet1_local_up.example; sourceTree = "<group>"; };
		A0664F0918FD87D400A1AC67 /* rc.inet1.conf */ = {isa = PBXFileReference; lastKnownFileType = text; path = rc.inet1.conf; sourceTree = "<group>"; };
		A0664F0A18FD87D400A1AC67 /* slack-net-check.sh.in */ = {isa = PBXFileReference; lastKnownFileType = text.script.sh; path = "slack-net-check.sh.in"; sourceTree = "<group>"; };
		A0664F0B18FD87D400A1AC67 /* slack-pkg-audit.sh.in */ = {isa = PBXFileReference; lastKnownFileType = text.script.sh; path = "slack-pkg-audit.sh.in"; sourceTree = "<group>"; };
		A0664F0C18FD87D400A1AC67 /* slack-sync-auth.sh.in */ = {isa = PBXFileReference; lastKnownFileType = text.script.sh; path = "slack-sync-auth.sh.in"; sourceTree = "<group>"; };
		A0664F0D18FD87D400A1AC67 /* slack-update-mirrors.sh.in */ = {isa = PBXFileReference; lastKnownFileType = text.script.sh; path = "slack-update-mirrors.sh.in"; sourceTree = "<group>"; };
		A0D52C9317C2E43C001352CA /* bindletools.xcodeproj */ = {isa = PBXFileReference; lastKnownFileType = "wrapper.pb-project"; name = bindletools.xcodeproj; path = bindletools/bindletools.xcodeproj; sourceTree = "<group>"; };
		A0D52C9E17C2E486001352CA /* git-proj-stats.sh.in */ = {isa = PBXFileReference; explicitFileType = text.script.sh; path = "git-proj-stats.sh.in"; sourceTree = "<group>"; };
		A0D52C9F17C2E486001352CA /* pub-generate-readme.sh.in */ = {isa = PBXFileReference; lastKnownFileType = text.script.sh; path = "pub-generate-readme.sh.in"; sourceTree = "<group>"; };
		A0D52CA017C2E486001352CA /* pub-rsync-remotes.sh.in */ = {isa = PBXFileReference; lastKnownFileType = text.script.sh; path = "pub-rsync-remotes.sh.in"; sourceTree = "<group>"; };
		A0EC36AA1365470C008F3CC7 /* acinclude.m4 */ = {isa = PBXFileReference; explicitFileType = text.script; path = acinclude.m4; sourceTree = "<group>"; };
		A0EC36AB1365470C008F3CC7 /* AUTHORS */ = {isa = PBXFileReference; lastKnownFileType = text; path = AUTHORS; sourceTree = "<group>"; };
		A0EC36AC1365470C008F3CC7 /* configure.ac */ = {isa = PBXFileReference; explicitFileType = text.script; path = configure.ac; sourceTree = "<group>"; };
		A0EC36AD1365470C008F3CC7 /* Makefile.am */ = {isa = PBXFileReference; explicitFileType = sourcecode.make; indentWidth = 8; path = Makefile.am; sourceTree = "<group>"; tabWidth = 8; usesTabs = 1; };
		A0EC36AE1365470C008F3CC7 /* NEWS */ = {isa = PBXFileReference; lastKnownFileType = text; path = NEWS; sourceTree = "<group>"; };
		A0EC36AF1365470C008F3CC7 /* README */ = {isa = PBXFileReference; explicitFileType = text.script; path = README; sourceTree = "<group>"; };
		A0EC36B013654903008F3CC7 /* COPYING */ = {isa = PBXFileReference; lastKnownFileType = text; path = COPYING; sourceTree = "<group>"; };
		A0EC36B11365494C008F3CC7 /* ChangeLog */ = {isa = PBXFileReference; lastKnownFileType = text; path = ChangeLog; sourceTree = "<group>"; };
/* End PBXFileReference section */

/* Begin PBXGroup section */
		A0664F0E18FD8BEF00A1AC67 /* slack */ = {
			isa = PBXGroup;
			children = (
				A0664F0218FD87D400A1AC67 /* rc.firewall */,
				A0664F0318FD87D400A1AC67 /* rc.firewall.rules */,
				A0664F0418FD87D400A1AC67 /* rc.firewall.rules4 */,
				A0664F0518FD87D400A1AC67 /* rc.firewall.rules6 */,
				A0664F0618FD87D400A1AC67 /* rc.inet1_local */,
				A0664F0718FD87D400A1AC67 /* rc.inet1_local_down.example */,
				A0664F0818FD87D400A1AC67 /* rc.inet1_local_up.example */,
				A0664F0918FD87D400A1AC67 /* rc.inet1.conf */,
				A0664F0A18FD87D400A1AC67 /* slack-net-check.sh.in */,
				A0664F0B18FD87D400A1AC67 /* slack-pkg-audit.sh.in */,
				A0664F0C18FD87D400A1AC67 /* slack-sync-auth.sh.in */,
				A0664F0D18FD87D400A1AC67 /* slack-update-mirrors.sh.in */,
			);
			path = slack;
			sourceTree = "<group>";
		};
		A0664F0F18FD8CB700A1AC67 /* misc */ = {
			isa = PBXGroup;
			children = (
				A0664F0118FD87D400A1AC67 /* cronmail.sh.in */,
				A01F6FF717C4E70F00C4789F /* bindleadmin-script.profile.in */,
				A0519DB817CE458900400A39 /* git-proj-cleanup.sh.in */,
				A0D52C9E17C2E486001352CA /* git-proj-stats.sh.in */,
				A0D52C9F17C2E486001352CA /* pub-generate-readme.sh.in */,
				A0D52CA017C2E486001352CA /* pub-rsync-remotes.sh.in */,
			);
			path = misc;
			sourceTree = "<group>";
		};
		A0D52C9217C2E41D001352CA /* contrib */ = {
			isa = PBXGroup;
			children = (
				A0D52C9317C2E43C001352CA /* bindletools.xcodeproj */,
			);
			path = contrib;
			sourceTree = "<group>";
		};
		A0D52C9417C2E43C001352CA /* Products */ = {
			isa = PBXGroup;
			children = (
				A0D52C9B17C2E43D001352CA /* libbindle.a */,
			);
			name = Products;
			sourceTree = "<group>";
		};
		A0D52C9C17C2E486001352CA /* src */ = {
			isa = PBXGroup;
			children = (
				A0664F0F18FD8CB700A1AC67 /* misc */,
				A0664F0E18FD8BEF00A1AC67 /* slack */,
			);
			path = src;
			sourceTree = "<group>";
		};
		A0EC3697136543FC008F3CC7 = {
			isa = PBXGroup;
			children = (
				A0EC36AA1365470C008F3CC7 /* acinclude.m4 */,
				A0EC36AB1365470C008F3CC7 /* AUTHORS */,
				A0EC36B11365494C008F3CC7 /* ChangeLog */,
				A0EC36AC1365470C008F3CC7 /* configure.ac */,
				A0EC36B013654903008F3CC7 /* COPYING */,
				A0EC36AD1365470C008F3CC7 /* Makefile.am */,
				A0EC36AE1365470C008F3CC7 /* NEWS */,
				A0EC36AF1365470C008F3CC7 /* README */,
				A0EC36A613654636008F3CC7 /* build-aux */,
				A0D52C9217C2E41D001352CA /* contrib */,
				A0D52C9C17C2E486001352CA /* src */,
			);
			sourceTree = "<group>";
		};
		A0EC36A613654636008F3CC7 /* build-aux */ = {
			isa = PBXGroup;
			children = (
				A01F700017C4F4A600C4789F /* git-tar-name.txt */,
			);
			path = "build-aux";
			sourceTree = "<group>";
		};
/* End PBXGroup section */

/* Begin PBXProject section */
		A0EC3699136543FC008F3CC7 /* Project object */ = {
			isa = PBXProject;
			attributes = {
				ORGANIZATIONNAME = "Bindle Binaries";
			};
			buildConfigurationList = A0EC369C136543FC008F3CC7 /* Build configuration list for PBXProject "bindleadmin" */;
			compatibilityVersion = "Xcode 3.2";
			developmentRegion = English;
			hasScannedForEncodings = 0;
			knownRegions = (
				en,
			);
			mainGroup = A0EC3697136543FC008F3CC7;
			projectDirPath = "";
			projectReferences = (
				{
					ProductGroup = A0D52C9417C2E43C001352CA /* Products */;
					ProjectRef = A0D52C9317C2E43C001352CA /* bindletools.xcodeproj */;
				},
			);
			projectRoot = "";
			targets = (
			);
		};
/* End PBXProject section */

/* Begin PBXReferenceProxy section */
		A0D52C9B17C2E43D001352CA /* libbindle.a */ = {
			isa = PBXReferenceProxy;
			fileType = archive.ar;
			path = libbindle.a;
			remoteRef = A0D52C9A17C2E43D001352CA /* PBXContainerItemProxy */;
			sourceTree = BUILT_PRODUCTS_DIR;
		};
/* End PBXReferenceProxy section */

/* Begin XCBuildConfiguration section */
		A0EC369E136543FC008F3CC7 /* Debug */ = {
			isa = XCBuildConfiguration;
			buildSettings = {
			};
			name = Debug;
		};
		A0EC369F136543FC008F3CC7 /* Release */ = {
			isa = XCBuildConfiguration;
			buildSettings = {
			};
			name = Release;
		};
/* End XCBuildConfiguration section */

/* Begin XCConfigurationList section */
		A0EC369C136543FC008F3CC7 /* Build configuration list for PBXProject "bindleadmin" */ = {
			isa = XCConfigurationList;
			buildConfigurations = (
				A0EC369E136543FC008F3CC7 /* Debug */,
				A0EC369F136543FC008F3CC7 /* Release */,
			);
			defaultConfigurationIsVisible = 0;
			defaultConfigurationName = Release;
		};
/* End XCConfigurationList section */
	};
	rootObject = A0EC3699136543FC008F3CC7 /* Project object */;
}
