// !$*UTF8*$!
{
	archiveVersion = 1;
	classes = {
	};
	objectVersion = 46;
	objects = {

/* Begin PBXGroup section */
		A0EC3697136543FC008F3CC7 = {
			isa = PBXGroup;
			children = (
			);
			sourceTree = "<group>";
		};
/* End PBXGroup section */

/* Begin PBXProject section */
		A0EC3699136543FC008F3CC7 /* Project object */ = {
			isa = PBXProject;
			attributes = {
				ORGANIZATIONNAME = "Bindle Binaries";
			};
			buildConfigurationList = A0EC369C136543FC008F3CC7 /* Build configuration list for PBXProject "bindletools" */;
			compatibilityVersion = "Xcode 3.2";
			developmentRegion = English;
			hasScannedForEncodings = 0;
			knownRegions = (
				en,
			);
			mainGroup = A0EC3697136543FC008F3CC7;
			projectDirPath = "";
			projectRoot = "";
			targets = (
			);
		};
/* End PBXProject section */

/* Begin XCBuildConfiguration section */
		A0EC369E136543FC008F3CC7 /* Debug */ = {
			isa = XCBuildConfiguration;
			buildSettings = {
			};
			name = Debug;
		};
		A0EC369F136543FC008F3CC7 /* Release */ = {
			isa = XCBuildConfiguration;
			buildSettings = {
			};
			name = Release;
		};
/* End XCBuildConfiguration section */

/* Begin XCConfigurationList section */
		A0EC369C136543FC008F3CC7 /* Build configuration list for PBXProject "bindletools" */ = {
			isa = XCConfigurationList;
			buildConfigurations = (
				A0EC369E136543FC008F3CC7 /* Debug */,
				A0EC369F136543FC008F3CC7 /* Release */,
			);
			defaultConfigurationIsVisible = 0;
			defaultConfigurationName = Release;
		};
/* End XCConfigurationList section */
	};
	rootObject = A0EC3699136543FC008F3CC7 /* Project object */;
}
